{
  "name": "workchain-dependencies",
  "version": "1.0.0",
  "lockfileVersion": 3,
  "requires": true,
  "packages": {
    "": {
      "name": "workchain-dependencies",
      "version": "1.0.0",
      "hasInstallScript": true,
      "dependencies": {
        "cdp-wasm": "^0.5.3",
        "jdenticon": "^3.3.0"
      },
      "engines": {
        "node": ">=20.17.0 || >=22.9.0",
        "npm": ">=10.0.0"
      }
    },
    "node_modules/@types/node": {
      "version": "26.2.0",
      "resolved": "https://registry.npmjs.org/@types/node/-/node-26.2.0.tgz",
      "integrity": "sha512-5IviulTZeRNp2vAJ514cc/HUlY5nZ9fCbq9DMyC52BrhFZACo3nI0R7qBxhQmo/d27NFe96ur/b7Wwxklda+kg==",
      "license": "MIT",
      "dependencies": {
        "undici-types": "~8.3.0"
      }
    },
    "node_modules/canvas-renderer": {
      "version": "2.2.1",
      "resolved": "https://registry.npmjs.org/canvas-renderer/-/canvas-renderer-2.2.1.tgz",
      "integrity": "sha512-RrBgVL5qCEDIXpJ6NrzyRNoTnXxYarqm/cS/W6ERhUJts5UQtt/XPEosGN3rqUkZ4fjBArlnCbsISJ+KCFnIAg==",
      "license": "MIT",
      "dependencies": {
        "@types/node": "*"
      }
    },
    "node_modules/cdp-wasm": {
      "version": "0.5.3",
      "resolved": "https://registry.npmjs.org/cdp-wasm/-/cdp-wasm-0.5.3.tgz",
      "integrity": "sha512-VyBVZV1yIYnWVa8RJjdaZz0L6LBWFZ7ftaxqQFixA4nN5QYai8+pwWZrLtCPmNQCfT9iS83l0gAJSp3/ZYVqXQ==",
      "license": "(MIT AND LGPL-2.1-or-later)",
      "bin": {
        "cdp": "bin/cdp.js"
      },
      "engines": {
        "node": ">=18"
      }
    },
    "node_modules/jdenticon": {
      "version": "3.3.0",
      "resolved": "https://registry.npmjs.org/jdenticon/-/jdenticon-3.3.0.tgz",
      "integrity": "sha512-DhuBRNRIybGPeAjMjdHbkIfiwZCCmf8ggu7C49jhp6aJ7DYsZfudnvnTY5/1vgUhrGA7JaDAx1WevnpjCPvaGg==",
      "license": "MIT",
      "dependencies": {
        "canvas-renderer": "~2.2.0"
      },
      "bin": {
        "jdenticon": "bin/jdenticon.js"
      },
      "engines": {
        "node": ">=6.4.0"
      }
    },
    "node_modules/undici-types": {
      "version": "8.3.0",
      "resolved": "https://registry.npmjs.org/undici-types/-/undici-types-8.3.0.tgz",
      "integrity": "sha512-j375ScV60dom+YkPFIfTLcOiPxkN/buHz5GobjLhixFuANaNs3C9l4GmrWqejgXWJ7BbJcFYpTEUkS1Ge8bpZQ==",
      "license": "MIT"
    }
  }
}
